// !$*UTF8*$!
{
	archiveVersion = 1;
	classes = {
	};
	objectVersion = 51;
	objects = {

/* Begin PBXBuildFile section */
		3308428523BD72D400FCF4C0 /* LoginController.swift in Sources */ = {isa = PBXBuildFile; fileRef = 3308428423BD72D400FCF4C0 /* LoginController.swift */; };
		3308428723BD72DF00FCF4C0 /* MainController.swift in Sources */ = {isa = PBXBuildFile; fileRef = 3308428623BD72DF00FCF4C0 /* MainController.swift */; };
		3308428923BD7AF000FCF4C0 /* StoreListController.swift in Sources */ = {isa = PBXBuildFile; fileRef = 3308428823BD7AF000FCF4C0 /* StoreListController.swift */; };
		3308428B23BD7F7300FCF4C0 /* SettingController.swift in Sources */ = {isa = PBXBuildFile; fileRef = 3308428A23BD7F7300FCF4C0 /* SettingController.swift */; };
		3308428D23BD81B600FCF4C0 /* FavoriteMenuController.swift in Sources */ = {isa = PBXBuildFile; fileRef = 3308428C23BD81B600FCF4C0 /* FavoriteMenuController.swift */; };
		3308429023BDA18400FCF4C0 /* StoreList.swift in Sources */ = {isa = PBXBuildFile; fileRef = 3308428F23BDA18400FCF4C0 /* StoreList.swift */; };
		3308429223BDE67700FCF4C0 /* StoreDetailController.swift in Sources */ = {isa = PBXBuildFile; fileRef = 3308429123BDE67700FCF4C0 /* StoreDetailController.swift */; };
		330E8F1A23CE99AF00D21053 /* NanumSquareBold.ttf in Resources */ = {isa = PBXBuildFile; fileRef = 330E8F1923CE99AF00D21053 /* NanumSquareBold.ttf */; };
		33259F5323BB017400D44CB0 /* AppDelegate.swift in Sources */ = {isa = PBXBuildFile; fileRef = 33259F5223BB017400D44CB0 /* AppDelegate.swift */; };
		33259F5523BB017400D44CB0 /* SceneDelegate.swift in Sources */ = {isa = PBXBuildFile; fileRef = 33259F5423BB017400D44CB0 /* SceneDelegate.swift */; };
		33259F5A23BB017400D44CB0 /* Main.storyboard in Resources */ = {isa = PBXBuildFile; fileRef = 33259F5823BB017400D44CB0 /* Main.storyboard */; };
		33259F5C23BB017500D44CB0 /* Assets.xcassets in Resources */ = {isa = PBXBuildFile; fileRef = 33259F5B23BB017500D44CB0 /* Assets.xcassets */; };
		33259F5F23BB017500D44CB0 /* LaunchScreen.storyboard in Resources */ = {isa = PBXBuildFile; fileRef = 33259F5D23BB017500D44CB0 /* LaunchScreen.storyboard */; };
		3356009123FCF98700E9CB43 /* NanumSquareRegular.ttf in Resources */ = {isa = PBXBuildFile; fileRef = 3356008F23FCF96800E9CB43 /* NanumSquareRegular.ttf */; };
		3356009223FCF98B00E9CB43 /* NanumSquareLight.ttf in Resources */ = {isa = PBXBuildFile; fileRef = 3356009023FCF97D00E9CB43 /* NanumSquareLight.ttf */; };
		335EAC9A23F3E66000071770 /* FloatRatingView.swift in Sources */ = {isa = PBXBuildFile; fileRef = 335EAC9923F3E66000071770 /* FloatRatingView.swift */; };
		335EAC9C23F3E72100071770 /* ReviewWriteController.swift in Sources */ = {isa = PBXBuildFile; fileRef = 335EAC9B23F3E72100071770 /* ReviewWriteController.swift */; };
		337FFD1423FA3B5B006136A5 /* CustomConvert.swift in Sources */ = {isa = PBXBuildFile; fileRef = 337FFD1323FA3B5B006136A5 /* CustomConvert.swift */; };
		337FFD1723FA5957006136A5 /* CustomHttpRequest.swift in Sources */ = {isa = PBXBuildFile; fileRef = 337FFD1623FA5957006136A5 /* CustomHttpRequest.swift */; };
		337FFD1C23FA7A41006136A5 /* KakaoOpenSDK.framework in Frameworks */ = {isa = PBXBuildFile; fileRef = 337FFD1B23FA7A41006136A5 /* KakaoOpenSDK.framework */; };
		3386079223BF0D89003208AD /* DialogFlowPopUpController.swift in Sources */ = {isa = PBXBuildFile; fileRef = 3386079123BF0D89003208AD /* DialogFlowPopUpController.swift */; };
		33BAD3E623FE502400CE4C99 /* BMHANNA_11yrs_otf.otf in Resources */ = {isa = PBXBuildFile; fileRef = 33BAD3E523FE501E00CE4C99 /* BMHANNA_11yrs_otf.otf */; };
		33D04E0423CEFA0E002FB5AE /* loading.json in Resources */ = {isa = PBXBuildFile; fileRef = 33D04E0123CEFA0E002FB5AE /* loading.json */; };
		33E1027A23EBA08900A2EB26 /* ReviewController.swift in Sources */ = {isa = PBXBuildFile; fileRef = 33E1027923EBA08900A2EB26 /* ReviewController.swift */; };
		33E1027C23EBA19000A2EB26 /* ReviewList.swift in Sources */ = {isa = PBXBuildFile; fileRef = 33E1027B23EBA19000A2EB26 /* ReviewList.swift */; };
		33FEF51423E017ED00FF3D65 /* CircularProgressView.swift in Sources */ = {isa = PBXBuildFile; fileRef = 33FEF51323E017ED00FF3D65 /* CircularProgressView.swift */; };
		561A199013A68AC2CAB7E557 /* Pods_OutOfKiosk.framework in Frameworks */ = {isa = PBXBuildFile; fileRef = 2E77C96B32E43C00A091B8A7 /* Pods_OutOfKiosk.framework */; };
		FA0C2FC523C3192900598506 /* DetailMenuController.swift in Sources */ = {isa = PBXBuildFile; fileRef = FA0C2FC423C3192900598506 /* DetailMenuController.swift */; };
		FA0E254423E12FC500ACB1A0 /* FavoriteList.swift in Sources */ = {isa = PBXBuildFile; fileRef = FA0E254323E12FC500ACB1A0 /* FavoriteList.swift */; };
		FA1E58AF23C41A79002215BB /* ProductList.swift in Sources */ = {isa = PBXBuildFile; fileRef = FA1E58AE23C41A79002215BB /* ProductList.swift */; };
		FAC52D7523CD887200ADDD34 /* ShoppingBasketController.swift in Sources */ = {isa = PBXBuildFile; fileRef = FAC52D7423CD887200ADDD34 /* ShoppingBasketController.swift */; };
		FAC52D7723CD88C200ADDD34 /* ShoppingBasket.swift in Sources */ = {isa = PBXBuildFile; fileRef = FAC52D7623CD88C200ADDD34 /* ShoppingBasket.swift */; };
		FAE1803B23FBD47B000D1C27 /* UserNotifications.framework in Frameworks */ = {isa = PBXBuildFile; fileRef = FAE1803A23FBD47B000D1C27 /* UserNotifications.framework */; };
		FAE1803D23FBD481000D1C27 /* PushKit.framework in Frameworks */ = {isa = PBXBuildFile; fileRef = FAE1803C23FBD481000D1C27 /* PushKit.framework */; };
/* End PBXBuildFile section */

/* Begin PBXFileReference section */
		109C79DE6BF10C453A241743 /* Pods-OutOfKiosk.debug.xcconfig */ = {isa = PBXFileReference; includeInIndex = 1; lastKnownFileType = text.xcconfig; name = "Pods-OutOfKiosk.debug.xcconfig"; path = "Target Support Files/Pods-OutOfKiosk/Pods-OutOfKiosk.debug.xcconfig"; sourceTree = "<group>"; };
		2E77C96B32E43C00A091B8A7 /* Pods_OutOfKiosk.framework */ = {isa = PBXFileReference; explicitFileType = wrapper.framework; includeInIndex = 0; path = Pods_OutOfKiosk.framework; sourceTree = BUILT_PRODUCTS_DIR; };
		3308428423BD72D400FCF4C0 /* LoginController.swift */ = {isa = PBXFileReference; lastKnownFileType = sourcecode.swift; path = LoginController.swift; sourceTree = "<group>"; };
		3308428623BD72DF00FCF4C0 /* MainController.swift */ = {isa = PBXFileReference; lastKnownFileType = sourcecode.swift; path = MainController.swift; sourceTree = "<group>"; };
		3308428823BD7AF000FCF4C0 /* StoreListController.swift */ = {isa = PBXFileReference; lastKnownFileType = sourcecode.swift; path = StoreListController.swift; sourceTree = "<group>"; };
		3308428A23BD7F7300FCF4C0 /* SettingController.swift */ = {isa = PBXFileReference; lastKnownFileType = sourcecode.swift; path = SettingController.swift; sourceTree = "<group>"; };
		3308428C23BD81B600FCF4C0 /* FavoriteMenuController.swift */ = {isa = PBXFileReference; lastKnownFileType = sourcecode.swift; path = FavoriteMenuController.swift; sourceTree = "<group>"; };
		3308428F23BDA18400FCF4C0 /* StoreList.swift */ = {isa = PBXFileReference; lastKnownFileType = sourcecode.swift; path = StoreList.swift; sourceTree = "<group>"; };
		3308429123BDE67700FCF4C0 /* StoreDetailController.swift */ = {isa = PBXFileReference; lastKnownFileType = sourcecode.swift; path = StoreDetailController.swift; sourceTree = "<group>"; };
		330E8F1923CE99AF00D21053 /* NanumSquareBold.ttf */ = {isa = PBXFileReference; lastKnownFileType = file; path = NanumSquareBold.ttf; sourceTree = "<group>"; };
		33259F4F23BB017400D44CB0 /* OutOfKiosk.app */ = {isa = PBXFileReference; explicitFileType = wrapper.application; includeInIndex = 0; path = OutOfKiosk.app; sourceTree = BUILT_PRODUCTS_DIR; };
		33259F5223BB017400D44CB0 /* AppDelegate.swift */ = {isa = PBXFileReference; lastKnownFileType = sourcecode.swift; path = AppDelegate.swift; sourceTree = "<group>"; };
		33259F5423BB017400D44CB0 /* SceneDelegate.swift */ = {isa = PBXFileReference; lastKnownFileType = sourcecode.swift; path = SceneDelegate.swift; sourceTree = "<group>"; };
		33259F5923BB017400D44CB0 /* Base */ = {isa = PBXFileReference; lastKnownFileType = file.storyboard; name = Base; path = Base.lproj/Main.storyboard; sourceTree = "<group>"; };
		33259F5B23BB017500D44CB0 /* Assets.xcassets */ = {isa = PBXFileReference; lastKnownFileType = folder.assetcatalog; path = Assets.xcassets; sourceTree = "<group>"; };
		33259F5E23BB017500D44CB0 /* Base */ = {isa = PBXFileReference; lastKnownFileType = file.storyboard; name = Base; path = Base.lproj/LaunchScreen.storyboard; sourceTree = "<group>"; };
		33259F6023BB017500D44CB0 /* Info.plist */ = {isa = PBXFileReference; lastKnownFileType = text.plist.xml; path = Info.plist; sourceTree = "<group>"; };
		3356008F23FCF96800E9CB43 /* NanumSquareRegular.ttf */ = {isa = PBXFileReference; lastKnownFileType = file; path = NanumSquareRegular.ttf; sourceTree = "<group>"; };
		3356009023FCF97D00E9CB43 /* NanumSquareLight.ttf */ = {isa = PBXFileReference; lastKnownFileType = file; path = NanumSquareLight.ttf; sourceTree = "<group>"; };
		335EAC9923F3E66000071770 /* FloatRatingView.swift */ = {isa = PBXFileReference; lastKnownFileType = sourcecode.swift; path = FloatRatingView.swift; sourceTree = "<group>"; };
		335EAC9B23F3E72100071770 /* ReviewWriteController.swift */ = {isa = PBXFileReference; lastKnownFileType = sourcecode.swift; path = ReviewWriteController.swift; sourceTree = "<group>"; };
		337FFD1323FA3B5B006136A5 /* CustomConvert.swift */ = {isa = PBXFileReference; lastKnownFileType = sourcecode.swift; path = CustomConvert.swift; sourceTree = "<group>"; };
		337FFD1623FA5957006136A5 /* CustomHttpRequest.swift */ = {isa = PBXFileReference; lastKnownFileType = sourcecode.swift; path = CustomHttpRequest.swift; sourceTree = "<group>"; };
		337FFD1A23FA7941006136A5 /* KakaoOpenSDK-Bridging-Header.h */ = {isa = PBXFileReference; lastKnownFileType = sourcecode.c.h; path = "KakaoOpenSDK-Bridging-Header.h"; sourceTree = "<group>"; };
		337FFD1B23FA7A41006136A5 /* KakaoOpenSDK.framework */ = {isa = PBXFileReference; lastKnownFileType = wrapper.framework; path = KakaoOpenSDK.framework; sourceTree = "<group>"; };
		3386079123BF0D89003208AD /* DialogFlowPopUpController.swift */ = {isa = PBXFileReference; lastKnownFileType = sourcecode.swift; path = DialogFlowPopUpController.swift; sourceTree = "<group>"; };
		33BAD3E523FE501E00CE4C99 /* BMHANNA_11yrs_otf.otf */ = {isa = PBXFileReference; lastKnownFileType = file; path = BMHANNA_11yrs_otf.otf; sourceTree = "<group>"; };
		33D04E0123CEFA0E002FB5AE /* loading.json */ = {isa = PBXFileReference; fileEncoding = 4; lastKnownFileType = text.json; path = loading.json; sourceTree = "<group>"; };
		33E1027923EBA08900A2EB26 /* ReviewController.swift */ = {isa = PBXFileReference; lastKnownFileType = sourcecode.swift; path = ReviewController.swift; sourceTree = "<group>"; };
		33E1027B23EBA19000A2EB26 /* ReviewList.swift */ = {isa = PBXFileReference; lastKnownFileType = sourcecode.swift; path = ReviewList.swift; sourceTree = "<group>"; };
		33FEF51323E017ED00FF3D65 /* CircularProgressView.swift */ = {isa = PBXFileReference; lastKnownFileType = sourcecode.swift; path = CircularProgressView.swift; sourceTree = "<group>"; };
		F5097F4775439F8A0528E7C8 /* Pods-OutOfKiosk.release.xcconfig */ = {isa = PBXFileReference; includeInIndex = 1; lastKnownFileType = text.xcconfig; name = "Pods-OutOfKiosk.release.xcconfig"; path = "Target Support Files/Pods-OutOfKiosk/Pods-OutOfKiosk.release.xcconfig"; sourceTree = "<group>"; };
		FA0C2FC423C3192900598506 /* DetailMenuController.swift */ = {isa = PBXFileReference; lastKnownFileType = sourcecode.swift; path = DetailMenuController.swift; sourceTree = "<group>"; };
		FA0E254323E12FC500ACB1A0 /* FavoriteList.swift */ = {isa = PBXFileReference; lastKnownFileType = sourcecode.swift; path = FavoriteList.swift; sourceTree = "<group>"; };
		FA1E58AE23C41A79002215BB /* ProductList.swift */ = {isa = PBXFileReference; lastKnownFileType = sourcecode.swift; path = ProductList.swift; sourceTree = "<group>"; };
		FAC52D7423CD887200ADDD34 /* ShoppingBasketController.swift */ = {isa = PBXFileReference; lastKnownFileType = sourcecode.swift; path = ShoppingBasketController.swift; sourceTree = "<group>"; };
		FAC52D7623CD88C200ADDD34 /* ShoppingBasket.swift */ = {isa = PBXFileReference; lastKnownFileType = sourcecode.swift; path = ShoppingBasket.swift; sourceTree = "<group>"; };
		FAE1803923FBD46E000D1C27 /* OutOfKiosk.entitlements */ = {isa = PBXFileReference; lastKnownFileType = text.plist.entitlements; path = OutOfKiosk.entitlements; sourceTree = "<group>"; };
		FAE1803A23FBD47B000D1C27 /* UserNotifications.framework */ = {isa = PBXFileReference; lastKnownFileType = wrapper.framework; name = UserNotifications.framework; path = System/Library/Frameworks/UserNotifications.framework; sourceTree = SDKROOT; };
		FAE1803C23FBD481000D1C27 /* PushKit.framework */ = {isa = PBXFileReference; lastKnownFileType = wrapper.framework; name = PushKit.framework; path = System/Library/Frameworks/PushKit.framework; sourceTree = SDKROOT; };
/* End PBXFileReference section */

/* Begin PBXFrameworksBuildPhase section */
		33259F4C23BB017400D44CB0 /* Frameworks */ = {
			isa = PBXFrameworksBuildPhase;
			buildActionMask = 2147483647;
			files = (
				561A199013A68AC2CAB7E557 /* Pods_OutOfKiosk.framework in Frameworks */,
				FAE1803D23FBD481000D1C27 /* PushKit.framework in Frameworks */,
				337FFD1C23FA7A41006136A5 /* KakaoOpenSDK.framework in Frameworks */,
				FAE1803B23FBD47B000D1C27 /* UserNotifications.framework in Frameworks */,
			);
			runOnlyForDeploymentPostprocessing = 0;
		};
/* End PBXFrameworksBuildPhase section */

/* Begin PBXGroup section */
		3308428123BD724100FCF4C0 /* Controller */ = {
			isa = PBXGroup;
			children = (
				3308428423BD72D400FCF4C0 /* LoginController.swift */,
				3308428623BD72DF00FCF4C0 /* MainController.swift */,
				3308428A23BD7F7300FCF4C0 /* SettingController.swift */,
				3308428823BD7AF000FCF4C0 /* StoreListController.swift */,
				3308428C23BD81B600FCF4C0 /* FavoriteMenuController.swift */,
				3308429123BDE67700FCF4C0 /* StoreDetailController.swift */,
				3386079123BF0D89003208AD /* DialogFlowPopUpController.swift */,
				33E1027923EBA08900A2EB26 /* ReviewController.swift */,
				335EAC9B23F3E72100071770 /* ReviewWriteController.swift */,
				FA0C2FC423C3192900598506 /* DetailMenuController.swift */,
				FAC52D7423CD887200ADDD34 /* ShoppingBasketController.swift */,
			);
			path = Controller;
			sourceTree = "<group>";
		};
		3308428E23BDA16400FCF4C0 /* Cell */ = {
			isa = PBXGroup;
			children = (
				3308428F23BDA18400FCF4C0 /* StoreList.swift */,
				FA1E58AE23C41A79002215BB /* ProductList.swift */,
				FAC52D7623CD88C200ADDD34 /* ShoppingBasket.swift */,
				FA0E254323E12FC500ACB1A0 /* FavoriteList.swift */,
				33E1027B23EBA19000A2EB26 /* ReviewList.swift */,
			);
			path = Cell;
			sourceTree = "<group>";
		};
		33259F4623BB017400D44CB0 = {
			isa = PBXGroup;
			children = (
				337FFD1A23FA7941006136A5 /* KakaoOpenSDK-Bridging-Header.h */,
				337FFD1523FA57FE006136A5 /* CustomClass */,
				337FFD1223FA39BC006136A5 /* AnimationView */,
				33F48FC323CDE8DE0037CC7B /* File */,
				3308428E23BDA16400FCF4C0 /* Cell */,
				3308428123BD724100FCF4C0 /* Controller */,
				33259F5123BB017400D44CB0 /* OutOfKiosk */,
				33259F5023BB017400D44CB0 /* Products */,
				9E1764F034FCDECE5456BAB9 /* Pods */,
				7D0FB79258CACD51825396F5 /* Frameworks */,
			);
			sourceTree = "<group>";
		};
		33259F5023BB017400D44CB0 /* Products */ = {
			isa = PBXGroup;
			children = (
				33259F4F23BB017400D44CB0 /* OutOfKiosk.app */,
			);
			name = Products;
			sourceTree = "<group>";
		};
		33259F5123BB017400D44CB0 /* OutOfKiosk */ = {
			isa = PBXGroup;
			children = (
				FAE1803923FBD46E000D1C27 /* OutOfKiosk.entitlements */,
				33259F5223BB017400D44CB0 /* AppDelegate.swift */,
				33259F5423BB017400D44CB0 /* SceneDelegate.swift */,
				33259F5823BB017400D44CB0 /* Main.storyboard */,
				33259F5B23BB017500D44CB0 /* Assets.xcassets */,
				33259F5D23BB017500D44CB0 /* LaunchScreen.storyboard */,
				33259F6023BB017500D44CB0 /* Info.plist */,
			);
			path = OutOfKiosk;
			sourceTree = "<group>";
		};
		337FFD1223FA39BC006136A5 /* AnimationView */ = {
			isa = PBXGroup;
			children = (
				33FEF51323E017ED00FF3D65 /* CircularProgressView.swift */,
				335EAC9923F3E66000071770 /* FloatRatingView.swift */,
			);
			path = AnimationView;
			sourceTree = "<group>";
		};
		337FFD1523FA57FE006136A5 /* CustomClass */ = {
			isa = PBXGroup;
			children = (
				337FFD1323FA3B5B006136A5 /* CustomConvert.swift */,
				337FFD1623FA5957006136A5 /* CustomHttpRequest.swift */,
			);
			path = CustomClass;
			sourceTree = "<group>";
		};
		33F48FC323CDE8DE0037CC7B /* File */ = {
			isa = PBXGroup;
			children = (
				3356009023FCF97D00E9CB43 /* NanumSquareLight.ttf */,
				3356008F23FCF96800E9CB43 /* NanumSquareRegular.ttf */,
				33BAD3E523FE501E00CE4C99 /* BMHANNA_11yrs_otf.otf */,
				33D04E0123CEFA0E002FB5AE /* loading.json */,
				330E8F1923CE99AF00D21053 /* NanumSquareBold.ttf */,
			);
			path = File;
			sourceTree = "<group>";
		};
		7D0FB79258CACD51825396F5 /* Frameworks */ = {
			isa = PBXGroup;
			children = (
				FAE1803C23FBD481000D1C27 /* PushKit.framework */,
				FAE1803A23FBD47B000D1C27 /* UserNotifications.framework */,
				337FFD1B23FA7A41006136A5 /* KakaoOpenSDK.framework */,
				2E77C96B32E43C00A091B8A7 /* Pods_OutOfKiosk.framework */,
			);
			name = Frameworks;
			sourceTree = "<group>";
		};
		9E1764F034FCDECE5456BAB9 /* Pods */ = {
			isa = PBXGroup;
			children = (
				109C79DE6BF10C453A241743 /* Pods-OutOfKiosk.debug.xcconfig */,
				F5097F4775439F8A0528E7C8 /* Pods-OutOfKiosk.release.xcconfig */,
			);
			path = Pods;
			sourceTree = "<group>";
		};
/* End PBXGroup section */

/* Begin PBXNativeTarget section */
		33259F4E23BB017400D44CB0 /* OutOfKiosk */ = {
			isa = PBXNativeTarget;
			buildConfigurationList = 33259F6323BB017500D44CB0 /* Build configuration list for PBXNativeTarget "OutOfKiosk" */;
			buildPhases = (
				D03A918C7E57F4B82D93F401 /* [CP] Check Pods Manifest.lock */,
				33259F4B23BB017400D44CB0 /* Sources */,
				33259F4C23BB017400D44CB0 /* Frameworks */,
				33259F4D23BB017400D44CB0 /* Resources */,
				AF01019F31B0FF80FAC7E0A6 /* [CP] Embed Pods Frameworks */,
			);
			buildRules = (
			);
			dependencies = (
			);
			name = OutOfKiosk;
			productName = OutOfKiosk;
			productReference = 33259F4F23BB017400D44CB0 /* OutOfKiosk.app */;
			productType = "com.apple.product-type.application";
		};
/* End PBXNativeTarget section */

/* Begin PBXProject section */
		33259F4723BB017400D44CB0 /* Project object */ = {
			isa = PBXProject;
			attributes = {
				LastSwiftUpdateCheck = 1130;
				LastUpgradeCheck = 1130;
				ORGANIZATIONNAME = OOK;
				TargetAttributes = {
					33259F4E23BB017400D44CB0 = {
						CreatedOnToolsVersion = 11.3;
					};
				};
			};
			buildConfigurationList = 33259F4A23BB017400D44CB0 /* Build configuration list for PBXProject "OutOfKiosk" */;
			compatibilityVersion = "Xcode 9.3";
			developmentRegion = en;
			hasScannedForEncodings = 0;
			knownRegions = (
				en,
				Base,
			);
			mainGroup = 33259F4623BB017400D44CB0;
			productRefGroup = 33259F5023BB017400D44CB0 /* Products */;
			projectDirPath = "";
			projectRoot = "";
			targets = (
				33259F4E23BB017400D44CB0 /* OutOfKiosk */,
			);
		};
/* End PBXProject section */

/* Begin PBXResourcesBuildPhase section */
		33259F4D23BB017400D44CB0 /* Resources */ = {
			isa = PBXResourcesBuildPhase;
			buildActionMask = 2147483647;
			files = (
				33BAD3E623FE502400CE4C99 /* BMHANNA_11yrs_otf.otf in Resources */,
				33259F5F23BB017500D44CB0 /* LaunchScreen.storyboard in Resources */,
				3356009223FCF98B00E9CB43 /* NanumSquareLight.ttf in Resources */,
				33259F5C23BB017500D44CB0 /* Assets.xcassets in Resources */,
				3356009123FCF98700E9CB43 /* NanumSquareRegular.ttf in Resources */,
				33259F5A23BB017400D44CB0 /* Main.storyboard in Resources */,
				33D04E0423CEFA0E002FB5AE /* loading.json in Resources */,
				330E8F1A23CE99AF00D21053 /* NanumSquareBold.ttf in Resources */,
			);
			runOnlyForDeploymentPostprocessing = 0;
		};
/* End PBXResourcesBuildPhase section */

/* Begin PBXShellScriptBuildPhase section */
		AF01019F31B0FF80FAC7E0A6 /* [CP] Embed Pods Frameworks */ = {
			isa = PBXShellScriptBuildPhase;
			buildActionMask = 2147483647;
			files = (
			);
			inputFileListPaths = (
				"${PODS_ROOT}/Target Support Files/Pods-OutOfKiosk/Pods-OutOfKiosk-frameworks-${CONFIGURATION}-input-files.xcfilelist",
			);
			name = "[CP] Embed Pods Frameworks";
			outputFileListPaths = (
				"${PODS_ROOT}/Target Support Files/Pods-OutOfKiosk/Pods-OutOfKiosk-frameworks-${CONFIGURATION}-output-files.xcfilelist",
			);
			runOnlyForDeploymentPostprocessing = 0;
			shellPath = /bin/sh;
			shellScript = "\"${PODS_ROOT}/Target Support Files/Pods-OutOfKiosk/Pods-OutOfKiosk-frameworks.sh\"\n";
			showEnvVarsInLog = 0;
		};
		D03A918C7E57F4B82D93F401 /* [CP] Check Pods Manifest.lock */ = {
			isa = PBXShellScriptBuildPhase;
			buildActionMask = 2147483647;
			files = (
			);
			inputFileListPaths = (
			);
			inputPaths = (
				"${PODS_PODFILE_DIR_PATH}/Podfile.lock",
				"${PODS_ROOT}/Manifest.lock",
			);
			name = "[CP] Check Pods Manifest.lock";
			outputFileListPaths = (
			);
			outputPaths = (
				"$(DERIVED_FILE_DIR)/Pods-OutOfKiosk-checkManifestLockResult.txt",
			);
			runOnlyForDeploymentPostprocessing = 0;
			shellPath = /bin/sh;
			shellScript = "diff \"${PODS_PODFILE_DIR_PATH}/Podfile.lock\" \"${PODS_ROOT}/Manifest.lock\" > /dev/null\nif [ $? != 0 ] ; then\n    # print error to STDERR\n    echo \"error: The sandbox is not in sync with the Podfile.lock. Run 'pod install' or update your CocoaPods installation.\" >&2\n    exit 1\nfi\n# This output is used by Xcode 'outputs' to avoid re-running this script phase.\necho \"SUCCESS\" > \"${SCRIPT_OUTPUT_FILE_0}\"\n";
			showEnvVarsInLog = 0;
		};
/* End PBXShellScriptBuildPhase section */

/* Begin PBXSourcesBuildPhase section */
		33259F4B23BB017400D44CB0 /* Sources */ = {
			isa = PBXSourcesBuildPhase;
			buildActionMask = 2147483647;
			files = (
				33E1027A23EBA08900A2EB26 /* ReviewController.swift in Sources */,
				335EAC9A23F3E66000071770 /* FloatRatingView.swift in Sources */,
				337FFD1723FA5957006136A5 /* CustomHttpRequest.swift in Sources */,
				3308428B23BD7F7300FCF4C0 /* SettingController.swift in Sources */,
				3308428D23BD81B600FCF4C0 /* FavoriteMenuController.swift in Sources */,
				3308428723BD72DF00FCF4C0 /* MainController.swift in Sources */,
				FAC52D7723CD88C200ADDD34 /* ShoppingBasket.swift in Sources */,
				FA0C2FC523C3192900598506 /* DetailMenuController.swift in Sources */,
				335EAC9C23F3E72100071770 /* ReviewWriteController.swift in Sources */,
				3308429023BDA18400FCF4C0 /* StoreList.swift in Sources */,
				33259F5323BB017400D44CB0 /* AppDelegate.swift in Sources */,
				337FFD1423FA3B5B006136A5 /* CustomConvert.swift in Sources */,
				3308428523BD72D400FCF4C0 /* LoginController.swift in Sources */,
				FAC52D7523CD887200ADDD34 /* ShoppingBasketController.swift in Sources */,
				FA0E254423E12FC500ACB1A0 /* FavoriteList.swift in Sources */,
				33259F5523BB017400D44CB0 /* SceneDelegate.swift in Sources */,
				3308428923BD7AF000FCF4C0 /* StoreListController.swift in Sources */,
				33E1027C23EBA19000A2EB26 /* ReviewList.swift in Sources */,
				FA1E58AF23C41A79002215BB /* ProductList.swift in Sources */,
				3386079223BF0D89003208AD /* DialogFlowPopUpController.swift in Sources */,
				33FEF51423E017ED00FF3D65 /* CircularProgressView.swift in Sources */,
				3308429223BDE67700FCF4C0 /* StoreDetailController.swift in Sources */,
			);
			runOnlyForDeploymentPostprocessing = 0;
		};
/* End PBXSourcesBuildPhase section */

/* Begin PBXVariantGroup section */
		33259F5823BB017400D44CB0 /* Main.storyboard */ = {
			isa = PBXVariantGroup;
			children = (
				33259F5923BB017400D44CB0 /* Base */,
			);
			name = Main.storyboard;
			sourceTree = "<group>";
		};
		33259F5D23BB017500D44CB0 /* LaunchScreen.storyboard */ = {
			isa = PBXVariantGroup;
			children = (
				33259F5E23BB017500D44CB0 /* Base */,
			);
			name = LaunchScreen.storyboard;
			sourceTree = "<group>";
		};
/* End PBXVariantGroup section */

/* Begin XCBuildConfiguration section */
		33259F6123BB017500D44CB0 /* Debug */ = {
			isa = XCBuildConfiguration;
			buildSettings = {
				ALWAYS_SEARCH_USER_PATHS = NO;
				CLANG_ANALYZER_NONNULL = YES;
				CLANG_ANALYZER_NUMBER_OBJECT_CONVERSION = YES_AGGRESSIVE;
				CLANG_CXX_LANGUAGE_STANDARD = "gnu++14";
				CLANG_CXX_LIBRARY = "libc++";
				CLANG_ENABLE_MODULES = YES;
				CLANG_ENABLE_OBJC_ARC = YES;
				CLANG_ENABLE_OBJC_WEAK = YES;
				CLANG_WARN_BLOCK_CAPTURE_AUTORELEASING = YES;
				CLANG_WARN_BOOL_CONVERSION = YES;
				CLANG_WARN_COMMA = YES;
				CLANG_WARN_CONSTANT_CONVERSION = YES;
				CLANG_WARN_DEPRECATED_OBJC_IMPLEMENTATIONS = YES;
				CLANG_WARN_DIRECT_OBJC_ISA_USAGE = YES_ERROR;
				CLANG_WARN_DOCUMENTATION_COMMENTS = YES;
				CLANG_WARN_EMPTY_BODY = YES;
				CLANG_WARN_ENUM_CONVERSION = YES;
				CLANG_WARN_INFINITE_RECURSION = YES;
				CLANG_WARN_INT_CONVERSION = YES;
				CLANG_WARN_NON_LITERAL_NULL_CONVERSION = YES;
				CLANG_WARN_OBJC_IMPLICIT_RETAIN_SELF = YES;
				CLANG_WARN_OBJC_LITERAL_CONVERSION = YES;
				CLANG_WARN_OBJC_ROOT_CLASS = YES_ERROR;
				CLANG_WARN_RANGE_LOOP_ANALYSIS = YES;
				CLANG_WARN_STRICT_PROTOTYPES = YES;
				CLANG_WARN_SUSPICIOUS_MOVE = YES;
				CLANG_WARN_UNGUARDED_AVAILABILITY = YES_AGGRESSIVE;
				CLANG_WARN_UNREACHABLE_CODE = YES;
				CLANG_WARN__DUPLICATE_METHOD_MATCH = YES;
				COPY_PHASE_STRIP = NO;
				DEBUG_INFORMATION_FORMAT = dwarf;
				ENABLE_STRICT_OBJC_MSGSEND = YES;
				ENABLE_TESTABILITY = YES;
				GCC_C_LANGUAGE_STANDARD = gnu11;
				GCC_DYNAMIC_NO_PIC = NO;
				GCC_NO_COMMON_BLOCKS = YES;
				GCC_OPTIMIZATION_LEVEL = 0;
				GCC_PREPROCESSOR_DEFINITIONS = (
					"DEBUG=1",
					"$(inherited)",
				);
				GCC_WARN_64_TO_32_BIT_CONVERSION = YES;
				GCC_WARN_ABOUT_RETURN_TYPE = YES_ERROR;
				GCC_WARN_UNDECLARED_SELECTOR = YES;
				GCC_WARN_UNINITIALIZED_AUTOS = YES_AGGRESSIVE;
				GCC_WARN_UNUSED_FUNCTION = YES;
				GCC_WARN_UNUSED_VARIABLE = YES;
				IPHONEOS_DEPLOYMENT_TARGET = 13.2;
				MTL_ENABLE_DEBUG_INFO = INCLUDE_SOURCE;
				MTL_FAST_MATH = YES;
				ONLY_ACTIVE_ARCH = YES;
				SDKROOT = iphoneos;
				SWIFT_ACTIVE_COMPILATION_CONDITIONS = DEBUG;
				SWIFT_OPTIMIZATION_LEVEL = "-Onone";
			};
			name = Debug;
		};
		33259F6223BB017500D44CB0 /* Release */ = {
			isa = XCBuildConfiguration;
			buildSettings = {
				ALWAYS_SEARCH_USER_PATHS = NO;
				CLANG_ANALYZER_NONNULL = YES;
				CLANG_ANALYZER_NUMBER_OBJECT_CONVERSION = YES_AGGRESSIVE;
				CLANG_CXX_LANGUAGE_STANDARD = "gnu++14";
				CLANG_CXX_LIBRARY = "libc++";
				CLANG_ENABLE_MODULES = YES;
				CLANG_ENABLE_OBJC_ARC = YES;
				CLANG_ENABLE_OBJC_WEAK = YES;
				CLANG_WARN_BLOCK_CAPTURE_AUTORELEASING = YES;
				CLANG_WARN_BOOL_CONVERSION = YES;
				CLANG_WARN_COMMA = YES;
				CLANG_WARN_CONSTANT_CONVERSION = YES;
				CLANG_WARN_DEPRECATED_OBJC_IMPLEMENTATIONS = YES;
				CLANG_WARN_DIRECT_OBJC_ISA_USAGE = YES_ERROR;
				CLANG_WARN_DOCUMENTATION_COMMENTS = YES;
				CLANG_WARN_EMPTY_BODY = YES;
				CLANG_WARN_ENUM_CONVERSION = YES;
				CLANG_WARN_INFINITE_RECURSION = YES;
				CLANG_WARN_INT_CONVERSION = YES;
				CLANG_WARN_NON_LITERAL_NULL_CONVERSION = YES;
				CLANG_WARN_OBJC_IMPLICIT_RETAIN_SELF = YES;
				CLANG_WARN_OBJC_LITERAL_CONVERSION = YES;
				CLANG_WARN_OBJC_ROOT_CLASS = YES_ERROR;
				CLANG_WARN_RANGE_LOOP_ANALYSIS = YES;
				CLANG_WARN_STRICT_PROTOTYPES = YES;
				CLANG_WARN_SUSPICIOUS_MOVE = YES;
				CLANG_WARN_UNGUARDED_AVAILABILITY = YES_AGGRESSIVE;
				CLANG_WARN_UNREACHABLE_CODE = YES;
				CLANG_WARN__DUPLICATE_METHOD_MATCH = YES;
				COPY_PHASE_STRIP = NO;
				DEBUG_INFORMATION_FORMAT = "dwarf-with-dsym";
				ENABLE_NS_ASSERTIONS = NO;
				ENABLE_STRICT_OBJC_MSGSEND = YES;
				GCC_C_LANGUAGE_STANDARD = gnu11;
				GCC_NO_COMMON_BLOCKS = YES;
				GCC_WARN_64_TO_32_BIT_CONVERSION = YES;
				GCC_WARN_ABOUT_RETURN_TYPE = YES_ERROR;
				GCC_WARN_UNDECLARED_SELECTOR = YES;
				GCC_WARN_UNINITIALIZED_AUTOS = YES_AGGRESSIVE;
				GCC_WARN_UNUSED_FUNCTION = YES;
				GCC_WARN_UNUSED_VARIABLE = YES;
				IPHONEOS_DEPLOYMENT_TARGET = 13.2;
				MTL_ENABLE_DEBUG_INFO = NO;
				MTL_FAST_MATH = YES;
				SDKROOT = iphoneos;
				SWIFT_COMPILATION_MODE = wholemodule;
				SWIFT_OPTIMIZATION_LEVEL = "-O";
				VALIDATE_PRODUCT = YES;
			};
			name = Release;
		};
		33259F6423BB017500D44CB0 /* Debug */ = {
			isa = XCBuildConfiguration;
			baseConfigurationReference = 109C79DE6BF10C453A241743 /* Pods-OutOfKiosk.debug.xcconfig */;
			buildSettings = {
				ASSETCATALOG_COMPILER_APPICON_NAME = AppIcon;
				CODE_SIGN_ENTITLEMENTS = OutOfKiosk/OutOfKiosk.entitlements;
				CODE_SIGN_STYLE = Automatic;
				DEVELOPMENT_TEAM = S52PAXB444;
				FRAMEWORK_SEARCH_PATHS = (
					"$(inherited)",
					"$(PROJECT_DIR)",
				);
				INFOPLIST_FILE = OutOfKiosk/Info.plist;
				LD_RUNPATH_SEARCH_PATHS = (
					"$(inherited)",
					"@executable_path/Frameworks",
				);
				LIBRARY_SEARCH_PATHS = (
					"$(inherited)",
					"$(PROJECT_DIR)",
				);
				OTHER_LDFLAGS = (
					"$(inherited)",
					"-framework",
					"\"CoreGraphics\"",
					"-framework",
					"\"FloatRatingView\"",
					"-framework",
					"\"Lottie\"",
					"-framework",
					"\"QuartzCore\"",
					"-framework",
					"\"UIKit\"",
					"-all_load",
				);
				PRODUCT_BUNDLE_IDENTIFIER = OOK.OutOfKiosk;
				PRODUCT_NAME = "$(TARGET_NAME)";
				SWIFT_OBJC_BRIDGING_HEADER = "KakaoOpenSDK-Bridging-Header.h";
				SWIFT_VERSION = 5.0;
				TARGETED_DEVICE_FAMILY = 1;
			};
			name = Debug;
		};
		33259F6523BB017500D44CB0 /* Release */ = {
			isa = XCBuildConfiguration;
			baseConfigurationReference = F5097F4775439F8A0528E7C8 /* Pods-OutOfKiosk.release.xcconfig */;
			buildSettings = {
				ASSETCATALOG_COMPILER_APPICON_NAME = AppIcon;
				CODE_SIGN_ENTITLEMENTS = OutOfKiosk/OutOfKiosk.entitlements;
				CODE_SIGN_STYLE = Automatic;
				DEVELOPMENT_TEAM = S52PAXB444;
				FRAMEWORK_SEARCH_PATHS = (
					"$(inherited)",
					"$(PROJECT_DIR)",
				);
				INFOPLIST_FILE = OutOfKiosk/Info.plist;
				LD_RUNPATH_SEARCH_PATHS = (
					"$(inherited)",
					"@executable_path/Frameworks",
				);
				LIBRARY_SEARCH_PATHS = (
					"$(inherited)",
					"$(PROJECT_DIR)",
				);
				OTHER_LDFLAGS = (
					"$(inherited)",
					"-framework",
					"\"CoreGraphics\"",
					"-framework",
					"\"FloatRatingView\"",
					"-framework",
					"\"Lottie\"",
					"-framework",
					"\"QuartzCore\"",
					"-framework",
					"\"UIKit\"",
					"-all_load",
				);
				PRODUCT_BUNDLE_IDENTIFIER = OOK.OutOfKiosk;
				PRODUCT_NAME = "$(TARGET_NAME)";
				SWIFT_OBJC_BRIDGING_HEADER = "KakaoOpenSDK-Bridging-Header.h";
				SWIFT_VERSION = 5.0;
				TARGETED_DEVICE_FAMILY = 1;
			};
			name = Release;
		};
/* End XCBuildConfiguration section */

/* Begin XCConfigurationList section */
		33259F4A23BB017400D44CB0 /* Build configuration list for PBXProject "OutOfKiosk" */ = {
			isa = XCConfigurationList;
			buildConfigurations = (
				33259F6123BB017500D44CB0 /* Debug */,
				33259F6223BB017500D44CB0 /* Release */,
			);
			defaultConfigurationIsVisible = 0;
			defaultConfigurationName = Release;
		};
		33259F6323BB017500D44CB0 /* Build configuration list for PBXNativeTarget "OutOfKiosk" */ = {
			isa = XCConfigurationList;
			buildConfigurations = (
				33259F6423BB017500D44CB0 /* Debug */,
				33259F6523BB017500D44CB0 /* Release */,
			);
			defaultConfigurationIsVisible = 0;
			defaultConfigurationName = Release;
		};
/* End XCConfigurationList section */
	};
	rootObject = 33259F4723BB017400D44CB0 /* Project object */;
}
